
Microsoft Visual Studio Solution File, Format Version 12.00
# Visual Studio Version 17
VisualStudioVersion = 17.11.35222.181
MinimumVisualStudioVersion = 10.0.40219.1
Project("{FAE04EC0-301F-11D3-BF4B-00C04F79EFBC}") = "NotesKod", "NotesKod.csproj", "{ECDFE863-F463-40DD-AB17-7346D943E552}"
EndProject
Global
	GlobalSection(SolutionConfigurationPlatforms) = preSolution
		Debug|Any CPU = Debug|Any CPU
		Release|Any CPU = Release|Any CPU
	EndGlobalSection
	GlobalSection(ProjectConfigurationPlatforms) = postSolution
		{ECDFE863-F463-40DD-AB17-7346D943E552}.Debug|Any CPU.ActiveCfg = Debug|Any CPU
		{ECDFE863-F463-40DD-AB17-7346D943E552}.Debug|Any CPU.Build.0 = Debug|Any CPU
		{ECDFE863-F463-40DD-AB17-7346D943E552}.Debug|Any CPU.Deploy.0 = Debug|Any CPU
		{ECDFE863-F463-40DD-AB17-7346D943E552}.Release|Any CPU.ActiveCfg = Release|Any CPU
		{ECDFE863-F463-40DD-AB17-7346D943E552}.Release|Any CPU.Build.0 = Release|Any CPU
		{ECDFE863-F463-40DD-AB17-7346D943E552}.Release|Any CPU.Deploy.0 = Release|Any CPU
	EndGlobalSection
	GlobalSection(SolutionProperties) = preSolution
		HideSolutionNode = FALSE
	EndGlobalSection
	GlobalSection(ExtensibilityGlobals) = postSolution
		SolutionGuid = {A536BE2F-F118-4BF5-8B04-7119CB759565}
	EndGlobalSection
EndGlobal
